
Microsoft Visual Studio Solution File, Format Version 12.00
# Visual Studio Version 17
VisualStudioVersion = 17.0.32126.317
MinimumVisualStudioVersion = 10.0.40219.1
Project("{9A19103F-16F7-4668-BE54-9A1E7A4F7556}") = "NetCoreTwoDotX", "NetCoreTwoDotX\NetCoreTwoDotX.csproj", "{565BF37A-1ABF-4F6B-9B52-52AE3A60F4AD}"
EndProject
Project("{9A19103F-16F7-4668-BE54-9A1E7A4F7556}") = "NetCoreThreeDotX", "NetCoreThreeDotX\NetCoreThreeDotX.csproj", "{52B39D9A-9B1B-47EC-AD99-924272A15AA5}"
EndProject
Global
	GlobalSection(SolutionConfigurationPlatforms) = preSolution
		Debug|Any CPU = Debug|Any CPU
		Release|Any CPU = Release|Any CPU
	EndGlobalSection
	GlobalSection(ProjectConfigurationPlatforms) = postSolution
		{565BF37A-1ABF-4F6B-9B52-52AE3A60F4AD}.Debug|Any CPU.ActiveCfg = Debug|Any CPU
		{565BF37A-1ABF-4F6B-9B52-52AE3A60F4AD}.Debug|Any CPU.Build.0 = Debug|Any CPU
		{565BF37A-1ABF-4F6B-9B52-52AE3A60F4AD}.Release|Any CPU.ActiveCfg = Release|Any CPU
		{565BF37A-1ABF-4F6B-9B52-52AE3A60F4AD}.Release|Any CPU.Build.0 = Release|Any CPU
		{52B39D9A-9B1B-47EC-AD99-924272A15AA5}.Debug|Any CPU.ActiveCfg = Debug|Any CPU
		{52B39D9A-9B1B-47EC-AD99-924272A15AA5}.Debug|Any CPU.Build.0 = Debug|Any CPU
		{52B39D9A-9B1B-47EC-AD99-924272A15AA5}.Release|Any CPU.ActiveCfg = Release|Any CPU
		{52B39D9A-9B1B-47EC-AD99-924272A15AA5}.Release|Any CPU.Build.0 = Release|Any CPU
	EndGlobalSection
	GlobalSection(SolutionProperties) = preSolution
		HideSolutionNode = FALSE
	EndGlobalSection
	GlobalSection(ExtensibilityGlobals) = postSolution
		SolutionGuid = {ECB58D96-D75C-4BCE-972C-C9785DAC6B34}
	EndGlobalSection
EndGlobal
